
Microsoft Visual Studio Solution File, Format Version 12.00
# Visual Studio Version 16
VisualStudioVersion = 16.0.30320.27
MinimumVisualStudioVersion = 10.0.40219.1
Project("{FAE04EC0-301F-11D3-BF4B-00C04F79EFBC}") = "WebShop", "WebShop\WebShop.csproj", "{77ECB384-E967-4131-AE07-566E23702A72}"
EndProject
Global
	GlobalSection(SolutionConfigurationPlatforms) = preSolution
		Debug|Any CPU = Debug|Any CPU
		Release|Any CPU = Release|Any CPU
	EndGlobalSection
	GlobalSection(ProjectConfigurationPlatforms) = postSolution
		{77ECB384-E967-4131-AE07-566E23702A72}.Debug|Any CPU.ActiveCfg = Debug|Any CPU
		{77ECB384-E967-4131-AE07-566E23702A72}.Debug|Any CPU.Build.0 = Debug|Any CPU
		{77ECB384-E967-4131-AE07-566E23702A72}.Release|Any CPU.ActiveCfg = Release|Any CPU
		{77ECB384-E967-4131-AE07-566E23702A72}.Release|Any CPU.Build.0 = Release|Any CPU
	EndGlobalSection
	GlobalSection(SolutionProperties) = preSolution
		HideSolutionNode = FALSE
	EndGlobalSection
	GlobalSection(ExtensibilityGlobals) = postSolution
		SolutionGuid = {6F19DFD7-6217-43FF-B1FB-C0A10D04A426}
	EndGlobalSection
EndGlobal
